github.com/mattn/go-sqlite3 v1.14.32 h1:JD12Ag3oLy1zQA+BNn74xRgaBbdhbNIDYvQUEuuErjs=
github.com/mattn/go-sqlite3 v1.14.32/go.mod h1:Uh1q+B4BYcTPb+yiD3kU8Ct7aC0hY9fxUwlHK0RXw+Y=
github.com/xtdlib/rat v0.0.0-20250906071516-72ee30efa47e h1:ljikvtSf3eQwy8JoviQi2161DanaIzUClFazCpOUxog=
github.com/xtdlib/rat v0.0.0-20250906071516-72ee30efa47e/go.mod h1:3xhG76BS5CASmufCG6H9YjQ+DspYvdm94DWWoaFxKYQ=
github.com/xtdlib/try v0.0.0-20250823064224-1656db820f45 h1:G9xO5aTe3HK9amfaOR+mS70kw7Wyjz87vZXJIVQVcYs=
github.com/xtdlib/try v0.0.0-20250823064224-1656db820f45/go.mod h1:iq8dxQF7XVQmPFHnl5jhqoFKu48pdKquPm9ELk6poZo=
